PODS:
  - Realm (10.0.0-beta.3):
    - Realm/Headers (= 10.0.0-beta.3)
  - Realm/Headers (10.0.0-beta.3)
  - RealmSwift (10.0.0-beta.3):
    - Realm (= 10.0.0-beta.3)

DEPENDENCIES:
  - RealmSwift (= 10.0.0-beta.3)

SPEC REPOS:
  trunk:
    - Realm
    - RealmSwift

SPEC CHECKSUMS:
  Realm: f563a59a1016ce551fd87e39df79d393bd06e56d
  RealmSwift: 4b79ee6f9b67bf71b8122370e2614892912f7172

PODFILE CHECKSUM: c4fac33df234b00ffda5eba9a6e93ac113e5eaeb

COCOAPODS: 1.9.1
