PODS:
  - Realm (10.0.0-beta.2):
    - Realm/Headers (= 10.0.0-beta.2)
  - Realm/Headers (10.0.0-beta.2)
  - RealmSwift (10.0.0-beta.2):
    - Realm (= 10.0.0-beta.2)

DEPENDENCIES:
  - Realm (from `https://github.com/realm/realm-cocoa.git`, branch `v10`)
  - RealmSwift (from `https://github.com/realm/realm-cocoa.git`, branch `v10`)

EXTERNAL SOURCES:
  Realm:
    :branch: v10
    :git: https://github.com/realm/realm-cocoa.git
    :submodules: true
  RealmSwift:
    :branch: v10
    :git: https://github.com/realm/realm-cocoa.git
    :submodules: true

CHECKOUT OPTIONS:
  Realm:
    :commit: 1aa22c35253bbe19760095aa1a620510cc0a17bb
    :git: https://github.com/realm/realm-cocoa.git
    :submodules: true
  RealmSwift:
    :commit: 1aa22c35253bbe19760095aa1a620510cc0a17bb
    :git: https://github.com/realm/realm-cocoa.git
    :submodules: true

SPEC CHECKSUMS:
  Realm: dfbc0fca7c09d58530355e6e59bd512f7308a0f7
  RealmSwift: 8d546ae71d34254dfc04605176dc21a31b0f462d

PODFILE CHECKSUM: 98e59af3e9c47ba42e4f067bd18c053f377e3506

COCOAPODS: 1.9.1
